
Microsoft Visual Studio Solution File, Format Version 12.00
# Visual Studio Version 17
VisualStudioVersion = 17.14.36025.13
MinimumVisualStudioVersion = 10.0.40219.1
Project("{FAE04EC0-301F-11D3-BF4B-00C04F79EFBC}") = "QueryLog", "QueryLog\QueryLog.csproj", "{7D26A969-9933-416D-994A-199AE9EEB68C}"
EndProject
Project("{FAE04EC0-301F-11D3-BF4B-00C04F79EFBC}") = "ReflectionTests", "ReflectionTests\ReflectionTests.csproj", "{E25B4A59-BC2F-423E-B0BB-AE17666CCCC9}"
EndProject
Project("{FAE04EC0-301F-11D3-BF4B-00C04F79EFBC}") = "QueryDbToTxt", "QueryDbToTxt\QueryDbToTxt.csproj", "{A5274D99-DE05-42DD-AD86-373D8EF52C5A}"
EndProject
Global
	GlobalSection(SolutionConfigurationPlatforms) = preSolution
		Debug|Any CPU = Debug|Any CPU
		Debug|arm64 = Debug|arm64
		Debug|x86 = Debug|x86
		Release|Any CPU = Release|Any CPU
		Release|arm64 = Release|arm64
		Release|x86 = Release|x86
	EndGlobalSection
	GlobalSection(ProjectConfigurationPlatforms) = postSolution
		{7D26A969-9933-416D-994A-199AE9EEB68C}.Debug|Any CPU.ActiveCfg = Debug|Any CPU
		{7D26A969-9933-416D-994A-199AE9EEB68C}.Debug|Any CPU.Build.0 = Debug|Any CPU
		{7D26A969-9933-416D-994A-199AE9EEB68C}.Debug|arm64.ActiveCfg = Debug|arm64
		{7D26A969-9933-416D-994A-199AE9EEB68C}.Debug|arm64.Build.0 = Debug|arm64
		{7D26A969-9933-416D-994A-199AE9EEB68C}.Debug|x86.ActiveCfg = Debug|x86
		{7D26A969-9933-416D-994A-199AE9EEB68C}.Debug|x86.Build.0 = Debug|x86
		{7D26A969-9933-416D-994A-199AE9EEB68C}.Release|Any CPU.ActiveCfg = Release|Any CPU
		{7D26A969-9933-416D-994A-199AE9EEB68C}.Release|Any CPU.Build.0 = Release|Any CPU
		{7D26A969-9933-416D-994A-199AE9EEB68C}.Release|arm64.ActiveCfg = Release|arm64
		{7D26A969-9933-416D-994A-199AE9EEB68C}.Release|arm64.Build.0 = Release|arm64
		{7D26A969-9933-416D-994A-199AE9EEB68C}.Release|x86.ActiveCfg = Release|x86
		{7D26A969-9933-416D-994A-199AE9EEB68C}.Release|x86.Build.0 = Release|x86
		{E25B4A59-BC2F-423E-B0BB-AE17666CCCC9}.Debug|Any CPU.ActiveCfg = Debug|Any CPU
		{E25B4A59-BC2F-423E-B0BB-AE17666CCCC9}.Debug|Any CPU.Build.0 = Debug|Any CPU
		{E25B4A59-BC2F-423E-B0BB-AE17666CCCC9}.Debug|arm64.ActiveCfg = Debug|Any CPU
		{E25B4A59-BC2F-423E-B0BB-AE17666CCCC9}.Debug|arm64.Build.0 = Debug|Any CPU
		{E25B4A59-BC2F-423E-B0BB-AE17666CCCC9}.Debug|x86.ActiveCfg = Debug|Any CPU
		{E25B4A59-BC2F-423E-B0BB-AE17666CCCC9}.Debug|x86.Build.0 = Debug|Any CPU
		{E25B4A59-BC2F-423E-B0BB-AE17666CCCC9}.Release|Any CPU.ActiveCfg = Release|Any CPU
		{E25B4A59-BC2F-423E-B0BB-AE17666CCCC9}.Release|Any CPU.Build.0 = Release|Any CPU
		{E25B4A59-BC2F-423E-B0BB-AE17666CCCC9}.Release|arm64.ActiveCfg = Release|Any CPU
		{E25B4A59-BC2F-423E-B0BB-AE17666CCCC9}.Release|arm64.Build.0 = Release|Any CPU
		{E25B4A59-BC2F-423E-B0BB-AE17666CCCC9}.Release|x86.ActiveCfg = Release|Any CPU
		{E25B4A59-BC2F-423E-B0BB-AE17666CCCC9}.Release|x86.Build.0 = Release|Any CPU
		{A5274D99-DE05-42DD-AD86-373D8EF52C5A}.Debug|Any CPU.ActiveCfg = Debug|Any CPU
		{A5274D99-DE05-42DD-AD86-373D8EF52C5A}.Debug|Any CPU.Build.0 = Debug|Any CPU
		{A5274D99-DE05-42DD-AD86-373D8EF52C5A}.Debug|arm64.ActiveCfg = Debug|Any CPU
		{A5274D99-DE05-42DD-AD86-373D8EF52C5A}.Debug|arm64.Build.0 = Debug|Any CPU
		{A5274D99-DE05-42DD-AD86-373D8EF52C5A}.Debug|x86.ActiveCfg = Debug|Any CPU
		{A5274D99-DE05-42DD-AD86-373D8EF52C5A}.Debug|x86.Build.0 = Debug|Any CPU
		{A5274D99-DE05-42DD-AD86-373D8EF52C5A}.Release|Any CPU.ActiveCfg = Release|Any CPU
		{A5274D99-DE05-42DD-AD86-373D8EF52C5A}.Release|Any CPU.Build.0 = Release|Any CPU
		{A5274D99-DE05-42DD-AD86-373D8EF52C5A}.Release|arm64.ActiveCfg = Release|Any CPU
		{A5274D99-DE05-42DD-AD86-373D8EF52C5A}.Release|arm64.Build.0 = Release|Any CPU
		{A5274D99-DE05-42DD-AD86-373D8EF52C5A}.Release|x86.ActiveCfg = Release|Any CPU
		{A5274D99-DE05-42DD-AD86-373D8EF52C5A}.Release|x86.Build.0 = Release|Any CPU
	EndGlobalSection
	GlobalSection(SolutionProperties) = preSolution
		HideSolutionNode = FALSE
	EndGlobalSection
	GlobalSection(ExtensibilityGlobals) = postSolution
		SolutionGuid = {344A7C92-DA77-4D99-91D0-029564BFD367}
	EndGlobalSection
EndGlobal
